
Microsoft Visual Studio Solution File, Format Version 12.00
# Visual Studio Version 17
VisualStudioVersion = 17.14.36705.20
MinimumVisualStudioVersion = 10.0.40219.1
Project("{FAE04EC0-301F-11D3-BF4B-00C04F79EFBC}") = "WinFormsApp_alg_lab_2_zad_3", "WinFormsApp_alg_lab_2_zad_3.csproj", "{879322A0-B2D2-40D3-878F-E686423611E8}"
EndProject
Project("{FAE04EC0-301F-11D3-BF4B-00C04F79EFBC}") = "MyLogicLibrary", "GraphicEngine\MyLogicLibrary.csproj", "{A0AAFE87-B3DE-467C-AA15-611729947FA4}"
EndProject
Project("{FAE04EC0-301F-11D3-BF4B-00C04F79EFBC}") = "MyLogicLibraryTest", "..\MyLogicLibraryTest\MyLogicLibraryTest.csproj", "{FF30737D-33DD-42C8-A6CF-D70913B67BF2}"
EndProject
Global
	GlobalSection(SolutionConfigurationPlatforms) = preSolution
		Debug|Any CPU = Debug|Any CPU
		Release|Any CPU = Release|Any CPU
	EndGlobalSection
	GlobalSection(ProjectConfigurationPlatforms) = postSolution
		{879322A0-B2D2-40D3-878F-E686423611E8}.Debug|Any CPU.ActiveCfg = Debug|Any CPU
		{879322A0-B2D2-40D3-878F-E686423611E8}.Debug|Any CPU.Build.0 = Debug|Any CPU
		{879322A0-B2D2-40D3-878F-E686423611E8}.Release|Any CPU.ActiveCfg = Release|Any CPU
		{879322A0-B2D2-40D3-878F-E686423611E8}.Release|Any CPU.Build.0 = Release|Any CPU
		{A0AAFE87-B3DE-467C-AA15-611729947FA4}.Debug|Any CPU.ActiveCfg = Debug|Any CPU
		{A0AAFE87-B3DE-467C-AA15-611729947FA4}.Debug|Any CPU.Build.0 = Debug|Any CPU
		{A0AAFE87-B3DE-467C-AA15-611729947FA4}.Release|Any CPU.ActiveCfg = Release|Any CPU
		{A0AAFE87-B3DE-467C-AA15-611729947FA4}.Release|Any CPU.Build.0 = Release|Any CPU
		{FF30737D-33DD-42C8-A6CF-D70913B67BF2}.Debug|Any CPU.ActiveCfg = Debug|Any CPU
		{FF30737D-33DD-42C8-A6CF-D70913B67BF2}.Debug|Any CPU.Build.0 = Debug|Any CPU
		{FF30737D-33DD-42C8-A6CF-D70913B67BF2}.Release|Any CPU.ActiveCfg = Release|Any CPU
		{FF30737D-33DD-42C8-A6CF-D70913B67BF2}.Release|Any CPU.Build.0 = Release|Any CPU
	EndGlobalSection
	GlobalSection(SolutionProperties) = preSolution
		HideSolutionNode = FALSE
	EndGlobalSection
	GlobalSection(ExtensibilityGlobals) = postSolution
		SolutionGuid = {47046E4B-FF0F-4C01-9B40-4BD7DD9E416B}
	EndGlobalSection
EndGlobal
